// !$*UTF8*$!
{
	archiveVersion = 1;
	classes = {
	};
	objectVersion = 56;
	objects = {

/* Begin PBXBuildFile section */
		1D8624857A93F21681D6EB94 /* Pods_SeeSky.framework in Frameworks */ = {isa = PBXBuildFile; fileRef = 59457E985522C42B03CD5579 /* Pods_SeeSky.framework */; };
		232C51DC29F13BF9003143AD /* Celestial.swift in Sources */ = {isa = PBXBuildFile; fileRef = 232C51DB29F13BF9003143AD /* Celestial.swift */; };
		232C51E029F1464E003143AD /* FavoritesViewController.swift in Sources */ = {isa = PBXBuildFile; fileRef = 232C51DF29F1464E003143AD /* FavoritesViewController.swift */; };
		232C51E229F14D5A003143AD /* FavTableViewCell.swift in Sources */ = {isa = PBXBuildFile; fileRef = 232C51E129F14D5A003143AD /* FavTableViewCell.swift */; };
		2333C28929FAE5E0000C74E3 /* SearchClickedViewController.swift in Sources */ = {isa = PBXBuildFile; fileRef = 2333C28829FAE5E0000C74E3 /* SearchClickedViewController.swift */; };
		2333C28B29FAE85F000C74E3 /* SearchedElementsTableViewCell.swift in Sources */ = {isa = PBXBuildFile; fileRef = 2333C28A29FAE85F000C74E3 /* SearchedElementsTableViewCell.swift */; };
		237A737C2A07875000B2B2B1 /* thePlanets.rcproject in Sources */ = {isa = PBXBuildFile; fileRef = 237A737B2A07874F00B2B2B1 /* thePlanets.rcproject */; };
		237A737E2A07893A00B2B2B1 /* NavigationViewController.swift in Sources */ = {isa = PBXBuildFile; fileRef = 237A737D2A07893A00B2B2B1 /* NavigationViewController.swift */; };
		23AD842029D029EA0010D868 /* CelestialViewController.swift in Sources */ = {isa = PBXBuildFile; fileRef = 23AD841F29D029EA0010D868 /* CelestialViewController.swift */; };
		23EFD83C29D02BEC0080E687 /* data.swift in Sources */ = {isa = PBXBuildFile; fileRef = 23EFD83B29D02BEC0080E687 /* data.swift */; };
		23EFD86729D2D5680080E687 /* SearchViewController.swift in Sources */ = {isa = PBXBuildFile; fileRef = 23EFD86629D2D5680080E687 /* SearchViewController.swift */; };
		23EFD86A29D2DB560080E687 /* CategoryCell.swift in Sources */ = {isa = PBXBuildFile; fileRef = 23EFD86929D2DB560080E687 /* CategoryCell.swift */; };
		23EFD86E29D387B50080E687 /* OTDCell.swift in Sources */ = {isa = PBXBuildFile; fileRef = 23EFD86D29D387B50080E687 /* OTDCell.swift */; };
		3037C43629CC818600CEFC73 /* AppDelegate.swift in Sources */ = {isa = PBXBuildFile; fileRef = 3037C43529CC818600CEFC73 /* AppDelegate.swift */; };
		3037C43829CC818600CEFC73 /* ViewController.swift in Sources */ = {isa = PBXBuildFile; fileRef = 3037C43729CC818600CEFC73 /* ViewController.swift */; };
		3037C43A29CC818600CEFC73 /* Experience.rcproject in Sources */ = {isa = PBXBuildFile; fileRef = 3037C43929CC818600CEFC73 /* Experience.rcproject */; };
		3037C43D29CC818600CEFC73 /* Main.storyboard in Resources */ = {isa = PBXBuildFile; fileRef = 3037C43B29CC818600CEFC73 /* Main.storyboard */; };
		3037C43F29CC818A00CEFC73 /* Assets.xcassets in Resources */ = {isa = PBXBuildFile; fileRef = 3037C43E29CC818A00CEFC73 /* Assets.xcassets */; };
		3037C44229CC818A00CEFC73 /* LaunchScreen.storyboard in Resources */ = {isa = PBXBuildFile; fileRef = 3037C44029CC818A00CEFC73 /* LaunchScreen.storyboard */; };
		3080C6FD29F41ED900271C7C /* Celestials.json in Resources */ = {isa = PBXBuildFile; fileRef = 3080C6FC29F41ED800271C7C /* Celestials.json */; };
		3080C71729F5622100271C7C /* CategoryViewController.swift in Sources */ = {isa = PBXBuildFile; fileRef = 3080C71629F5622100271C7C /* CategoryViewController.swift */; };
		3080C71929F5629F00271C7C /* ElemTableViewCell.swift in Sources */ = {isa = PBXBuildFile; fileRef = 3080C71829F5629F00271C7C /* ElemTableViewCell.swift */; };
		3080C71B29F5885000271C7C /* InfoCollectionViewCell.swift in Sources */ = {isa = PBXBuildFile; fileRef = 3080C71A29F5885000271C7C /* InfoCollectionViewCell.swift */; };
		3080C72429F754BA00271C7C /* ListImgUrl.json in Resources */ = {isa = PBXBuildFile; fileRef = 3080C72329F754BA00271C7C /* ListImgUrl.json */; };
		3080C72629F82FE900271C7C /* ListBodies.json in Resources */ = {isa = PBXBuildFile; fileRef = 3080C72529F82FE900271C7C /* ListBodies.json */; };
		3080C72829F8777F00271C7C /* ListFav.json in Resources */ = {isa = PBXBuildFile; fileRef = 3080C72729F8777F00271C7C /* ListFav.json */; };
		3080C72A29F8856200271C7C /* SettingViewController.swift in Sources */ = {isa = PBXBuildFile; fileRef = 3080C72929F8856200271C7C /* SettingViewController.swift */; };
		30F34F382A00025F0080B4FC /* ListImages.json in Resources */ = {isa = PBXBuildFile; fileRef = 30F34F372A00025F0080B4FC /* ListImages.json */; };
/* End PBXBuildFile section */

/* Begin PBXFileReference section */
		232C51DB29F13BF9003143AD /* Celestial.swift */ = {isa = PBXFileReference; lastKnownFileType = sourcecode.swift; path = Celestial.swift; sourceTree = "<group>"; };
		232C51DF29F1464E003143AD /* FavoritesViewController.swift */ = {isa = PBXFileReference; lastKnownFileType = sourcecode.swift; path = FavoritesViewController.swift; sourceTree = "<group>"; };
		232C51E129F14D5A003143AD /* FavTableViewCell.swift */ = {isa = PBXFileReference; lastKnownFileType = sourcecode.swift; path = FavTableViewCell.swift; sourceTree = "<group>"; };
		2333C28829FAE5E0000C74E3 /* SearchClickedViewController.swift */ = {isa = PBXFileReference; lastKnownFileType = sourcecode.swift; path = SearchClickedViewController.swift; sourceTree = "<group>"; };
		2333C28A29FAE85F000C74E3 /* SearchedElementsTableViewCell.swift */ = {isa = PBXFileReference; lastKnownFileType = sourcecode.swift; path = SearchedElementsTableViewCell.swift; sourceTree = "<group>"; };
		237A737B2A07874F00B2B2B1 /* thePlanets.rcproject */ = {isa = PBXFileReference; lastKnownFileType = file.rcproject; path = thePlanets.rcproject; sourceTree = "<group>"; };
		237A737D2A07893A00B2B2B1 /* NavigationViewController.swift */ = {isa = PBXFileReference; lastKnownFileType = sourcecode.swift; path = NavigationViewController.swift; sourceTree = "<group>"; };
		23AD841F29D029EA0010D868 /* CelestialViewController.swift */ = {isa = PBXFileReference; lastKnownFileType = sourcecode.swift; path = CelestialViewController.swift; sourceTree = "<group>"; };
		23EFD83B29D02BEC0080E687 /* data.swift */ = {isa = PBXFileReference; lastKnownFileType = sourcecode.swift; path = data.swift; sourceTree = "<group>"; };
		23EFD86629D2D5680080E687 /* SearchViewController.swift */ = {isa = PBXFileReference; lastKnownFileType = sourcecode.swift; path = SearchViewController.swift; sourceTree = "<group>"; };
		23EFD86929D2DB560080E687 /* CategoryCell.swift */ = {isa = PBXFileReference; lastKnownFileType = sourcecode.swift; path = CategoryCell.swift; sourceTree = "<group>"; };
		23EFD86D29D387B50080E687 /* OTDCell.swift */ = {isa = PBXFileReference; lastKnownFileType = sourcecode.swift; path = OTDCell.swift; sourceTree = "<group>"; };
		3037C43229CC818600CEFC73 /* SeeSky.app */ = {isa = PBXFileReference; explicitFileType = wrapper.application; includeInIndex = 0; path = SeeSky.app; sourceTree = BUILT_PRODUCTS_DIR; };
		3037C43529CC818600CEFC73 /* AppDelegate.swift */ = {isa = PBXFileReference; lastKnownFileType = sourcecode.swift; path = AppDelegate.swift; sourceTree = "<group>"; };
		3037C43729CC818600CEFC73 /* ViewController.swift */ = {isa = PBXFileReference; lastKnownFileType = sourcecode.swift; path = ViewController.swift; sourceTree = "<group>"; };
		3037C43929CC818600CEFC73 /* Experience.rcproject */ = {isa = PBXFileReference; lastKnownFileType = file.rcproject; path = Experience.rcproject; sourceTree = "<group>"; };
		3037C43C29CC818600CEFC73 /* Base */ = {isa = PBXFileReference; lastKnownFileType = file.storyboard; name = Base; path = Base.lproj/Main.storyboard; sourceTree = "<group>"; };
		3037C43E29CC818A00CEFC73 /* Assets.xcassets */ = {isa = PBXFileReference; lastKnownFileType = folder.assetcatalog; path = Assets.xcassets; sourceTree = "<group>"; };
		3037C44129CC818A00CEFC73 /* Base */ = {isa = PBXFileReference; lastKnownFileType = file.storyboard; name = Base; path = Base.lproj/LaunchScreen.storyboard; sourceTree = "<group>"; };
		3080C6FC29F41ED800271C7C /* Celestials.json */ = {isa = PBXFileReference; fileEncoding = 4; lastKnownFileType = text.json; path = Celestials.json; sourceTree = "<group>"; };
		3080C70029F494D000271C7C /* Info.plist */ = {isa = PBXFileReference; lastKnownFileType = text.plist; path = Info.plist; sourceTree = "<group>"; };
		3080C71629F5622100271C7C /* CategoryViewController.swift */ = {isa = PBXFileReference; lastKnownFileType = sourcecode.swift; path = CategoryViewController.swift; sourceTree = "<group>"; };
		3080C71829F5629F00271C7C /* ElemTableViewCell.swift */ = {isa = PBXFileReference; lastKnownFileType = sourcecode.swift; path = ElemTableViewCell.swift; sourceTree = "<group>"; };
		3080C71A29F5885000271C7C /* InfoCollectionViewCell.swift */ = {isa = PBXFileReference; lastKnownFileType = sourcecode.swift; path = InfoCollectionViewCell.swift; sourceTree = "<group>"; };
		3080C72329F754BA00271C7C /* ListImgUrl.json */ = {isa = PBXFileReference; fileEncoding = 4; lastKnownFileType = text.json; path = ListImgUrl.json; sourceTree = "<group>"; };
		3080C72529F82FE900271C7C /* ListBodies.json */ = {isa = PBXFileReference; fileEncoding = 4; lastKnownFileType = text.json; path = ListBodies.json; sourceTree = "<group>"; };
		3080C72729F8777F00271C7C /* ListFav.json */ = {isa = PBXFileReference; fileEncoding = 4; lastKnownFileType = text.json; path = ListFav.json; sourceTree = "<group>"; };
		3080C72929F8856200271C7C /* SettingViewController.swift */ = {isa = PBXFileReference; lastKnownFileType = sourcecode.swift; path = SettingViewController.swift; sourceTree = "<group>"; };
		30F34F372A00025F0080B4FC /* ListImages.json */ = {isa = PBXFileReference; fileEncoding = 4; lastKnownFileType = text.json; path = ListImages.json; sourceTree = "<group>"; };
		3312D2FC800194EDE3017AA1 /* Pods-SeeSky.release.xcconfig */ = {isa = PBXFileReference; includeInIndex = 1; lastKnownFileType = text.xcconfig; name = "Pods-SeeSky.release.xcconfig"; path = "Target Support Files/Pods-SeeSky/Pods-SeeSky.release.xcconfig"; sourceTree = "<group>"; };
		59457E985522C42B03CD5579 /* Pods_SeeSky.framework */ = {isa = PBXFileReference; explicitFileType = wrapper.framework; includeInIndex = 0; path = Pods_SeeSky.framework; sourceTree = BUILT_PRODUCTS_DIR; };
		A8D3334A23B84781D6B90995 /* Pods-SeeSky.debug.xcconfig */ = {isa = PBXFileReference; includeInIndex = 1; lastKnownFileType = text.xcconfig; name = "Pods-SeeSky.debug.xcconfig"; path = "Target Support Files/Pods-SeeSky/Pods-SeeSky.debug.xcconfig"; sourceTree = "<group>"; };
/* End PBXFileReference section */

/* Begin PBXFrameworksBuildPhase section */
		3037C42F29CC818600CEFC73 /* Frameworks */ = {
			isa = PBXFrameworksBuildPhase;
			buildActionMask = 2147483647;
			files = (
				1D8624857A93F21681D6EB94 /* Pods_SeeSky.framework in Frameworks */,
			);
			runOnlyForDeploymentPostprocessing = 0;
		};
/* End PBXFrameworksBuildPhase section */

/* Begin PBXGroup section */
		23AD841B29D0273F0010D868 /* structures */ = {
			isa = PBXGroup;
			children = (
				3080C72729F8777F00271C7C /* ListFav.json */,
				3080C72529F82FE900271C7C /* ListBodies.json */,
				3080C72329F754BA00271C7C /* ListImgUrl.json */,
				30F34F372A00025F0080B4FC /* ListImages.json */,
				232C51DB29F13BF9003143AD /* Celestial.swift */,
				3080C6FC29F41ED800271C7C /* Celestials.json */,
			);
			path = structures;
			sourceTree = "<group>";
		};
		23AD841E29D029C80010D868 /* controllers */ = {
			isa = PBXGroup;
			children = (
				23AD841F29D029EA0010D868 /* CelestialViewController.swift */,
				23EFD86629D2D5680080E687 /* SearchViewController.swift */,
				232C51DF29F1464E003143AD /* FavoritesViewController.swift */,
				3080C71629F5622100271C7C /* CategoryViewController.swift */,
				3080C72929F8856200271C7C /* SettingViewController.swift */,
				2333C28829FAE5E0000C74E3 /* SearchClickedViewController.swift */,
				237A737D2A07893A00B2B2B1 /* NavigationViewController.swift */,
			);
			path = controllers;
			sourceTree = "<group>";
		};
		23EFD83A29D02BDB0080E687 /* dummyData */ = {
			isa = PBXGroup;
			children = (
				23EFD83B29D02BEC0080E687 /* data.swift */,
			);
			path = dummyData;
			sourceTree = "<group>";
		};
		23EFD86829D2DAB90080E687 /* cells */ = {
			isa = PBXGroup;
			children = (
				23EFD86929D2DB560080E687 /* CategoryCell.swift */,
				23EFD86D29D387B50080E687 /* OTDCell.swift */,
				232C51E129F14D5A003143AD /* FavTableViewCell.swift */,
				3080C71829F5629F00271C7C /* ElemTableViewCell.swift */,
				3080C71A29F5885000271C7C /* InfoCollectionViewCell.swift */,
				2333C28A29FAE85F000C74E3 /* SearchedElementsTableViewCell.swift */,
			);
			path = cells;
			sourceTree = "<group>";
		};
		3037C42929CC818600CEFC73 = {
			isa = PBXGroup;
			children = (
				3037C43429CC818600CEFC73 /* SeeSky */,
				3037C43329CC818600CEFC73 /* Products */,
				6F4210CB502C7B46028EF803 /* Pods */,
				5FD988D7598A6435DCE7F318 /* Frameworks */,
			);
			sourceTree = "<group>";
		};
		3037C43329CC818600CEFC73 /* Products */ = {
			isa = PBXGroup;
			children = (
				3037C43229CC818600CEFC73 /* SeeSky.app */,
			);
			name = Products;
			sourceTree = "<group>";
		};
		3037C43429CC818600CEFC73 /* SeeSky */ = {
			isa = PBXGroup;
			children = (
				3080C70029F494D000271C7C /* Info.plist */,
				23EFD86829D2DAB90080E687 /* cells */,
				23EFD83A29D02BDB0080E687 /* dummyData */,
				23AD841E29D029C80010D868 /* controllers */,
				23AD841B29D0273F0010D868 /* structures */,
				3037C43529CC818600CEFC73 /* AppDelegate.swift */,
				3037C43729CC818600CEFC73 /* ViewController.swift */,
				3037C43929CC818600CEFC73 /* Experience.rcproject */,
				237A737B2A07874F00B2B2B1 /* thePlanets.rcproject */,
				3037C43B29CC818600CEFC73 /* Main.storyboard */,
				3037C43E29CC818A00CEFC73 /* Assets.xcassets */,
				3037C44029CC818A00CEFC73 /* LaunchScreen.storyboard */,
			);
			path = SeeSky;
			sourceTree = "<group>";
		};
		5FD988D7598A6435DCE7F318 /* Frameworks */ = {
			isa = PBXGroup;
			children = (
				59457E985522C42B03CD5579 /* Pods_SeeSky.framework */,
			);
			name = Frameworks;
			sourceTree = "<group>";
		};
		6F4210CB502C7B46028EF803 /* Pods */ = {
			isa = PBXGroup;
			children = (
				A8D3334A23B84781D6B90995 /* Pods-SeeSky.debug.xcconfig */,
				3312D2FC800194EDE3017AA1 /* Pods-SeeSky.release.xcconfig */,
			);
			path = Pods;
			sourceTree = "<group>";
		};
/* End PBXGroup section */

/* Begin PBXNativeTarget section */
		3037C43129CC818600CEFC73 /* SeeSky */ = {
			isa = PBXNativeTarget;
			buildConfigurationList = 3037C44529CC818A00CEFC73 /* Build configuration list for PBXNativeTarget "SeeSky" */;
			buildPhases = (
				93BED5C9BB02A4DFD7BD13BF /* [CP] Check Pods Manifest.lock */,
				3037C42E29CC818600CEFC73 /* Sources */,
				3037C42F29CC818600CEFC73 /* Frameworks */,
				3037C43029CC818600CEFC73 /* Resources */,
				62350A7C504F806CE31D905A /* [CP] Embed Pods Frameworks */,
			);
			buildRules = (
			);
			dependencies = (
			);
			name = SeeSky;
			productName = SeeSky;
			productReference = 3037C43229CC818600CEFC73 /* SeeSky.app */;
			productType = "com.apple.product-type.application";
		};
/* End PBXNativeTarget section */

/* Begin PBXProject section */
		3037C42A29CC818600CEFC73 /* Project object */ = {
			isa = PBXProject;
			attributes = {
				BuildIndependentTargetsInParallel = 1;
				LastSwiftUpdateCheck = 1420;
				LastUpgradeCheck = 1420;
				TargetAttributes = {
					3037C43129CC818600CEFC73 = {
						CreatedOnToolsVersion = 14.2;
					};
				};
			};
			buildConfigurationList = 3037C42D29CC818600CEFC73 /* Build configuration list for PBXProject "SeeSky" */;
			compatibilityVersion = "Xcode 14.0";
			developmentRegion = en;
			hasScannedForEncodings = 0;
			knownRegions = (
				en,
				Base,
			);
			mainGroup = 3037C42929CC818600CEFC73;
			productRefGroup = 3037C43329CC818600CEFC73 /* Products */;
			projectDirPath = "";
			projectRoot = "";
			targets = (
				3037C43129CC818600CEFC73 /* SeeSky */,
			);
		};
/* End PBXProject section */

/* Begin PBXResourcesBuildPhase section */
		3037C43029CC818600CEFC73 /* Resources */ = {
			isa = PBXResourcesBuildPhase;
			buildActionMask = 2147483647;
			files = (
				3080C72629F82FE900271C7C /* ListBodies.json in Resources */,
				3080C6FD29F41ED900271C7C /* Celestials.json in Resources */,
				3037C44229CC818A00CEFC73 /* LaunchScreen.storyboard in Resources */,
				3080C72429F754BA00271C7C /* ListImgUrl.json in Resources */,
				3080C72829F8777F00271C7C /* ListFav.json in Resources */,
				3037C43F29CC818A00CEFC73 /* Assets.xcassets in Resources */,
				3037C43D29CC818600CEFC73 /* Main.storyboard in Resources */,
				30F34F382A00025F0080B4FC /* ListImages.json in Resources */,
			);
			runOnlyForDeploymentPostprocessing = 0;
		};
/* End PBXResourcesBuildPhase section */

/* Begin PBXShellScriptBuildPhase section */
		62350A7C504F806CE31D905A /* [CP] Embed Pods Frameworks */ = {
			isa = PBXShellScriptBuildPhase;
			buildActionMask = 2147483647;
			files = (
			);
			inputFileListPaths = (
				"${PODS_ROOT}/Target Support Files/Pods-SeeSky/Pods-SeeSky-frameworks-${CONFIGURATION}-input-files.xcfilelist",
			);
			name = "[CP] Embed Pods Frameworks";
			outputFileListPaths = (
				"${PODS_ROOT}/Target Support Files/Pods-SeeSky/Pods-SeeSky-frameworks-${CONFIGURATION}-output-files.xcfilelist",
			);
			runOnlyForDeploymentPostprocessing = 0;
			shellPath = /bin/sh;
			shellScript = "\"${PODS_ROOT}/Target Support Files/Pods-SeeSky/Pods-SeeSky-frameworks.sh\"\n";
			showEnvVarsInLog = 0;
		};
		93BED5C9BB02A4DFD7BD13BF /* [CP] Check Pods Manifest.lock */ = {
			isa = PBXShellScriptBuildPhase;
			buildActionMask = 2147483647;
			files = (
			);
			inputFileListPaths = (
			);
			inputPaths = (
				"${PODS_PODFILE_DIR_PATH}/Podfile.lock",
				"${PODS_ROOT}/Manifest.lock",
			);
			name = "[CP] Check Pods Manifest.lock";
			outputFileListPaths = (
			);
			outputPaths = (
				"$(DERIVED_FILE_DIR)/Pods-SeeSky-checkManifestLockResult.txt",
			);
			runOnlyForDeploymentPostprocessing = 0;
			shellPath = /bin/sh;
			shellScript = "diff \"${PODS_PODFILE_DIR_PATH}/Podfile.lock\" \"${PODS_ROOT}/Manifest.lock\" > /dev/null\nif [ $? != 0 ] ; then\n    # print error to STDERR\n    echo \"error: The sandbox is not in sync with the Podfile.lock. Run 'pod install' or update your CocoaPods installation.\" >&2\n    exit 1\nfi\n# This output is used by Xcode 'outputs' to avoid re-running this script phase.\necho \"SUCCESS\" > \"${SCRIPT_OUTPUT_FILE_0}\"\n";
			showEnvVarsInLog = 0;
		};
/* End PBXShellScriptBuildPhase section */

/* Begin PBXSourcesBuildPhase section */
		3037C42E29CC818600CEFC73 /* Sources */ = {
			isa = PBXSourcesBuildPhase;
			buildActionMask = 2147483647;
			files = (
				2333C28929FAE5E0000C74E3 /* SearchClickedViewController.swift in Sources */,
				23EFD83C29D02BEC0080E687 /* data.swift in Sources */,
				23EFD86A29D2DB560080E687 /* CategoryCell.swift in Sources */,
				3080C71B29F5885000271C7C /* InfoCollectionViewCell.swift in Sources */,
				232C51DC29F13BF9003143AD /* Celestial.swift in Sources */,
				23EFD86E29D387B50080E687 /* OTDCell.swift in Sources */,
				3080C72A29F8856200271C7C /* SettingViewController.swift in Sources */,
				3080C71729F5622100271C7C /* CategoryViewController.swift in Sources */,
				237A737E2A07893A00B2B2B1 /* NavigationViewController.swift in Sources */,
				3080C71929F5629F00271C7C /* ElemTableViewCell.swift in Sources */,
				23EFD86729D2D5680080E687 /* SearchViewController.swift in Sources */,
				232C51E229F14D5A003143AD /* FavTableViewCell.swift in Sources */,
				232C51E029F1464E003143AD /* FavoritesViewController.swift in Sources */,
				3037C43829CC818600CEFC73 /* ViewController.swift in Sources */,
				3037C43629CC818600CEFC73 /* AppDelegate.swift in Sources */,
				237A737C2A07875000B2B2B1 /* thePlanets.rcproject in Sources */,
				2333C28B29FAE85F000C74E3 /* SearchedElementsTableViewCell.swift in Sources */,
				3037C43A29CC818600CEFC73 /* Experience.rcproject in Sources */,
				23AD842029D029EA0010D868 /* CelestialViewController.swift in Sources */,
			);
			runOnlyForDeploymentPostprocessing = 0;
		};
/* End PBXSourcesBuildPhase section */

/* Begin PBXVariantGroup section */
		3037C43B29CC818600CEFC73 /* Main.storyboard */ = {
			isa = PBXVariantGroup;
			children = (
				3037C43C29CC818600CEFC73 /* Base */,
			);
			name = Main.storyboard;
			sourceTree = "<group>";
		};
		3037C44029CC818A00CEFC73 /* LaunchScreen.storyboard */ = {
			isa = PBXVariantGroup;
			children = (
				3037C44129CC818A00CEFC73 /* Base */,
			);
			name = LaunchScreen.storyboard;
			sourceTree = "<group>";
		};
/* End PBXVariantGroup section */

/* Begin XCBuildConfiguration section */
		3037C44329CC818A00CEFC73 /* Debug */ = {
			isa = XCBuildConfiguration;
			buildSettings = {
				ALWAYS_SEARCH_USER_PATHS = NO;
				CLANG_ANALYZER_NONNULL = YES;
				CLANG_ANALYZER_NUMBER_OBJECT_CONVERSION = YES_AGGRESSIVE;
				CLANG_CXX_LANGUAGE_STANDARD = "gnu++20";
				CLANG_ENABLE_MODULES = YES;
				CLANG_ENABLE_OBJC_ARC = YES;
				CLANG_ENABLE_OBJC_WEAK = YES;
				CLANG_WARN_BLOCK_CAPTURE_AUTORELEASING = YES;
				CLANG_WARN_BOOL_CONVERSION = YES;
				CLANG_WARN_COMMA = YES;
				CLANG_WARN_CONSTANT_CONVERSION = YES;
				CLANG_WARN_DEPRECATED_OBJC_IMPLEMENTATIONS = YES;
				CLANG_WARN_DIRECT_OBJC_ISA_USAGE = YES_ERROR;
				CLANG_WARN_DOCUMENTATION_COMMENTS = YES;
				CLANG_WARN_EMPTY_BODY = YES;
				CLANG_WARN_ENUM_CONVERSION = YES;
				CLANG_WARN_INFINITE_RECURSION = YES;
				CLANG_WARN_INT_CONVERSION = YES;
				CLANG_WARN_NON_LITERAL_NULL_CONVERSION = YES;
				CLANG_WARN_OBJC_IMPLICIT_RETAIN_SELF = YES;
				CLANG_WARN_OBJC_LITERAL_CONVERSION = YES;
				CLANG_WARN_OBJC_ROOT_CLASS = YES_ERROR;
				CLANG_WARN_QUOTED_INCLUDE_IN_FRAMEWORK_HEADER = YES;
				CLANG_WARN_RANGE_LOOP_ANALYSIS = YES;
				CLANG_WARN_STRICT_PROTOTYPES = YES;
				CLANG_WARN_SUSPICIOUS_MOVE = YES;
				CLANG_WARN_UNGUARDED_AVAILABILITY = YES_AGGRESSIVE;
				CLANG_WARN_UNREACHABLE_CODE = YES;
				CLANG_WARN__DUPLICATE_METHOD_MATCH = YES;
				COPY_PHASE_STRIP = NO;
				DEBUG_INFORMATION_FORMAT = dwarf;
				ENABLE_STRICT_OBJC_MSGSEND = YES;
				ENABLE_TESTABILITY = YES;
				GCC_C_LANGUAGE_STANDARD = gnu11;
				GCC_DYNAMIC_NO_PIC = NO;
				GCC_NO_COMMON_BLOCKS = YES;
				GCC_OPTIMIZATION_LEVEL = 0;
				GCC_PREPROCESSOR_DEFINITIONS = (
					"DEBUG=1",
					"$(inherited)",
				);
				GCC_WARN_64_TO_32_BIT_CONVERSION = YES;
				GCC_WARN_ABOUT_RETURN_TYPE = YES_ERROR;
				GCC_WARN_UNDECLARED_SELECTOR = YES;
				GCC_WARN_UNINITIALIZED_AUTOS = YES_AGGRESSIVE;
				GCC_WARN_UNUSED_FUNCTION = YES;
				GCC_WARN_UNUSED_VARIABLE = YES;
				IPHONEOS_DEPLOYMENT_TARGET = 15.0;
				MTL_ENABLE_DEBUG_INFO = INCLUDE_SOURCE;
				MTL_FAST_MATH = YES;
				ONLY_ACTIVE_ARCH = YES;
				SDKROOT = iphoneos;
				SWIFT_ACTIVE_COMPILATION_CONDITIONS = DEBUG;
				SWIFT_OPTIMIZATION_LEVEL = "-Onone";
			};
			name = Debug;
		};
		3037C44429CC818A00CEFC73 /* Release */ = {
			isa = XCBuildConfiguration;
			buildSettings = {
				ALWAYS_SEARCH_USER_PATHS = NO;
				CLANG_ANALYZER_NONNULL = YES;
				CLANG_ANALYZER_NUMBER_OBJECT_CONVERSION = YES_AGGRESSIVE;
				CLANG_CXX_LANGUAGE_STANDARD = "gnu++20";
				CLANG_ENABLE_MODULES = YES;
				CLANG_ENABLE_OBJC_ARC = YES;
				CLANG_ENABLE_OBJC_WEAK = YES;
				CLANG_WARN_BLOCK_CAPTURE_AUTORELEASING = YES;
				CLANG_WARN_BOOL_CONVERSION = YES;
				CLANG_WARN_COMMA = YES;
				CLANG_WARN_CONSTANT_CONVERSION = YES;
				CLANG_WARN_DEPRECATED_OBJC_IMPLEMENTATIONS = YES;
				CLANG_WARN_DIRECT_OBJC_ISA_USAGE = YES_ERROR;
				CLANG_WARN_DOCUMENTATION_COMMENTS = YES;
				CLANG_WARN_EMPTY_BODY = YES;
				CLANG_WARN_ENUM_CONVERSION = YES;
				CLANG_WARN_INFINITE_RECURSION = YES;
				CLANG_WARN_INT_CONVERSION = YES;
				CLANG_WARN_NON_LITERAL_NULL_CONVERSION = YES;
				CLANG_WARN_OBJC_IMPLICIT_RETAIN_SELF = YES;
				CLANG_WARN_OBJC_LITERAL_CONVERSION = YES;
				CLANG_WARN_OBJC_ROOT_CLASS = YES_ERROR;
				CLANG_WARN_QUOTED_INCLUDE_IN_FRAMEWORK_HEADER = YES;
				CLANG_WARN_RANGE_LOOP_ANALYSIS = YES;
				CLANG_WARN_STRICT_PROTOTYPES = YES;
				CLANG_WARN_SUSPICIOUS_MOVE = YES;
				CLANG_WARN_UNGUARDED_AVAILABILITY = YES_AGGRESSIVE;
				CLANG_WARN_UNREACHABLE_CODE = YES;
				CLANG_WARN__DUPLICATE_METHOD_MATCH = YES;
				COPY_PHASE_STRIP = NO;
				DEBUG_INFORMATION_FORMAT = "dwarf-with-dsym";
				ENABLE_NS_ASSERTIONS = NO;
				ENABLE_STRICT_OBJC_MSGSEND = YES;
				GCC_C_LANGUAGE_STANDARD = gnu11;
				GCC_NO_COMMON_BLOCKS = YES;
				GCC_WARN_64_TO_32_BIT_CONVERSION = YES;
				GCC_WARN_ABOUT_RETURN_TYPE = YES_ERROR;
				GCC_WARN_UNDECLARED_SELECTOR = YES;
				GCC_WARN_UNINITIALIZED_AUTOS = YES_AGGRESSIVE;
				GCC_WARN_UNUSED_FUNCTION = YES;
				GCC_WARN_UNUSED_VARIABLE = YES;
				IPHONEOS_DEPLOYMENT_TARGET = 15.0;
				MTL_ENABLE_DEBUG_INFO = NO;
				MTL_FAST_MATH = YES;
				SDKROOT = iphoneos;
				SWIFT_COMPILATION_MODE = wholemodule;
				SWIFT_OPTIMIZATION_LEVEL = "-O";
				VALIDATE_PRODUCT = YES;
			};
			name = Release;
		};
		3037C44629CC818A00CEFC73 /* Debug */ = {
			isa = XCBuildConfiguration;
			baseConfigurationReference = A8D3334A23B84781D6B90995 /* Pods-SeeSky.debug.xcconfig */;
			buildSettings = {
				ASSETCATALOG_COMPILER_APPICON_NAME = AppIcon;
				ASSETCATALOG_COMPILER_GLOBAL_ACCENT_COLOR_NAME = AccentColor;
				CODE_SIGN_STYLE = Automatic;
				CURRENT_PROJECT_VERSION = 1;
				DEVELOPMENT_TEAM = "";
				GENERATE_INFOPLIST_FILE = YES;
				INFOPLIST_FILE = SeeSky/Info.plist;
				INFOPLIST_KEY_NSCameraUsageDescription = "";
				INFOPLIST_KEY_UIApplicationSupportsIndirectInputEvents = YES;
				INFOPLIST_KEY_UILaunchStoryboardName = LaunchScreen;
				INFOPLIST_KEY_UIMainStoryboardFile = Main;
				INFOPLIST_KEY_UIRequiredDeviceCapabilities = arkit;
				INFOPLIST_KEY_UIStatusBarHidden = NO;
				INFOPLIST_KEY_UIStatusBarStyle = UIStatusBarStyleLightContent;
				INFOPLIST_KEY_UISupportedInterfaceOrientations_iPad = "UIInterfaceOrientationPortrait UIInterfaceOrientationPortraitUpsideDown UIInterfaceOrientationLandscapeLeft UIInterfaceOrientationLandscapeRight";
				INFOPLIST_KEY_UISupportedInterfaceOrientations_iPhone = "UIInterfaceOrientationPortrait UIInterfaceOrientationLandscapeLeft UIInterfaceOrientationLandscapeRight";
				IPHONEOS_DEPLOYMENT_TARGET = 15.0;
				LD_RUNPATH_SEARCH_PATHS = (
					"$(inherited)",
					"@executable_path/Frameworks",
				);
				MARKETING_VERSION = 1.0;
				PRODUCT_BUNDLE_IDENTIFIER = com.progetto.SeeSkyProject;
				PRODUCT_NAME = "$(TARGET_NAME)";
				SUPPORTED_PLATFORMS = "iphoneos iphonesimulator";
				SUPPORTS_MACCATALYST = NO;
				SUPPORTS_MAC_DESIGNED_FOR_IPHONE_IPAD = NO;
				SWIFT_EMIT_LOC_STRINGS = YES;
				SWIFT_VERSION = 5.0;
				TARGETED_DEVICE_FAMILY = 1;
			};
			name = Debug;
		};
		3037C44729CC818A00CEFC73 /* Release */ = {
			isa = XCBuildConfiguration;
			baseConfigurationReference = 3312D2FC800194EDE3017AA1 /* Pods-SeeSky.release.xcconfig */;
			buildSettings = {
				ASSETCATALOG_COMPILER_APPICON_NAME = AppIcon;
				ASSETCATALOG_COMPILER_GLOBAL_ACCENT_COLOR_NAME = AccentColor;
				CODE_SIGN_STYLE = Automatic;
				CURRENT_PROJECT_VERSION = 1;
				DEVELOPMENT_TEAM = "";
				GENERATE_INFOPLIST_FILE = YES;
				INFOPLIST_FILE = SeeSky/Info.plist;
				INFOPLIST_KEY_NSCameraUsageDescription = "";
				INFOPLIST_KEY_UIApplicationSupportsIndirectInputEvents = YES;
				INFOPLIST_KEY_UILaunchStoryboardName = LaunchScreen;
				INFOPLIST_KEY_UIMainStoryboardFile = Main;
				INFOPLIST_KEY_UIRequiredDeviceCapabilities = arkit;
				INFOPLIST_KEY_UIStatusBarHidden = NO;
				INFOPLIST_KEY_UIStatusBarStyle = UIStatusBarStyleLightContent;
				INFOPLIST_KEY_UISupportedInterfaceOrientations_iPad = "UIInterfaceOrientationPortrait UIInterfaceOrientationPortraitUpsideDown UIInterfaceOrientationLandscapeLeft UIInterfaceOrientationLandscapeRight";
				INFOPLIST_KEY_UISupportedInterfaceOrientations_iPhone = "UIInterfaceOrientationPortrait UIInterfaceOrientationLandscapeLeft UIInterfaceOrientationLandscapeRight";
				IPHONEOS_DEPLOYMENT_TARGET = 15.0;
				LD_RUNPATH_SEARCH_PATHS = (
					"$(inherited)",
					"@executable_path/Frameworks",
				);
				MARKETING_VERSION = 1.0;
				PRODUCT_BUNDLE_IDENTIFIER = com.progetto.SeeSkyProject;
				PRODUCT_NAME = "$(TARGET_NAME)";
				SUPPORTED_PLATFORMS = "iphoneos iphonesimulator";
				SUPPORTS_MACCATALYST = NO;
				SUPPORTS_MAC_DESIGNED_FOR_IPHONE_IPAD = NO;
				SWIFT_EMIT_LOC_STRINGS = YES;
				SWIFT_VERSION = 5.0;
				TARGETED_DEVICE_FAMILY = 1;
			};
			name = Release;
		};
/* End XCBuildConfiguration section */

/* Begin XCConfigurationList section */
		3037C42D29CC818600CEFC73 /* Build configuration list for PBXProject "SeeSky" */ = {
			isa = XCConfigurationList;
			buildConfigurations = (
				3037C44329CC818A00CEFC73 /* Debug */,
				3037C44429CC818A00CEFC73 /* Release */,
			);
			defaultConfigurationIsVisible = 0;
			defaultConfigurationName = Release;
		};
		3037C44529CC818A00CEFC73 /* Build configuration list for PBXNativeTarget "SeeSky" */ = {
			isa = XCConfigurationList;
			buildConfigurations = (
				3037C44629CC818A00CEFC73 /* Debug */,
				3037C44729CC818A00CEFC73 /* Release */,
			);
			defaultConfigurationIsVisible = 0;
			defaultConfigurationName = Release;
		};
/* End XCConfigurationList section */
	};
	rootObject = 3037C42A29CC818600CEFC73 /* Project object */;
}
