// !$*UTF8*$!
{
	archiveVersion = 1;
	classes = {
	};
	objectVersion = 56;
	objects = {

/* Begin PBXBuildFile section */
		232C51DC29F13BF9003143AD /* Celestial.swift in Sources */ = {isa = PBXBuildFile; fileRef = 232C51DB29F13BF9003143AD /* Celestial.swift */; };
		232C51E029F1464E003143AD /* FavoritesViewController.swift in Sources */ = {isa = PBXBuildFile; fileRef = 232C51DF29F1464E003143AD /* FavoritesViewController.swift */; };
		232C51E229F14D5A003143AD /* FavTableViewCell.swift in Sources */ = {isa = PBXBuildFile; fileRef = 232C51E129F14D5A003143AD /* FavTableViewCell.swift */; };
		23AD842029D029EA0010D868 /* PlanetOTDController.swift in Sources */ = {isa = PBXBuildFile; fileRef = 23AD841F29D029EA0010D868 /* PlanetOTDController.swift */; };
		23EFD83C29D02BEC0080E687 /* datas.swift in Sources */ = {isa = PBXBuildFile; fileRef = 23EFD83B29D02BEC0080E687 /* datas.swift */; };
		23EFD83E29D175BB0080E687 /* MythOfTheDayViewController.swift in Sources */ = {isa = PBXBuildFile; fileRef = 23EFD83D29D175BB0080E687 /* MythOfTheDayViewController.swift */; };
		23EFD86729D2D5680080E687 /* SearchViewController.swift in Sources */ = {isa = PBXBuildFile; fileRef = 23EFD86629D2D5680080E687 /* SearchViewController.swift */; };
		23EFD86A29D2DB560080E687 /* CategoryCell.swift in Sources */ = {isa = PBXBuildFile; fileRef = 23EFD86929D2DB560080E687 /* CategoryCell.swift */; };
		23EFD86E29D387B50080E687 /* OTDCell.swift in Sources */ = {isa = PBXBuildFile; fileRef = 23EFD86D29D387B50080E687 /* OTDCell.swift */; };
		3037C43629CC818600CEFC73 /* AppDelegate.swift in Sources */ = {isa = PBXBuildFile; fileRef = 3037C43529CC818600CEFC73 /* AppDelegate.swift */; };
		3037C43829CC818600CEFC73 /* ViewController.swift in Sources */ = {isa = PBXBuildFile; fileRef = 3037C43729CC818600CEFC73 /* ViewController.swift */; };
		3037C43A29CC818600CEFC73 /* Experience.rcproject in Sources */ = {isa = PBXBuildFile; fileRef = 3037C43929CC818600CEFC73 /* Experience.rcproject */; };
		3037C43D29CC818600CEFC73 /* Main.storyboard in Resources */ = {isa = PBXBuildFile; fileRef = 3037C43B29CC818600CEFC73 /* Main.storyboard */; };
		3037C43F29CC818A00CEFC73 /* Assets.xcassets in Resources */ = {isa = PBXBuildFile; fileRef = 3037C43E29CC818A00CEFC73 /* Assets.xcassets */; };
		3037C44229CC818A00CEFC73 /* LaunchScreen.storyboard in Resources */ = {isa = PBXBuildFile; fileRef = 3037C44029CC818A00CEFC73 /* LaunchScreen.storyboard */; };
/* End PBXBuildFile section */

/* Begin PBXFileReference section */
		232C51DB29F13BF9003143AD /* Celestial.swift */ = {isa = PBXFileReference; lastKnownFileType = sourcecode.swift; path = Celestial.swift; sourceTree = "<group>"; };
		232C51DF29F1464E003143AD /* FavoritesViewController.swift */ = {isa = PBXFileReference; lastKnownFileType = sourcecode.swift; path = FavoritesViewController.swift; sourceTree = "<group>"; };
		232C51E129F14D5A003143AD /* FavTableViewCell.swift */ = {isa = PBXFileReference; lastKnownFileType = sourcecode.swift; path = FavTableViewCell.swift; sourceTree = "<group>"; };
		23AD841F29D029EA0010D868 /* PlanetOTDController.swift */ = {isa = PBXFileReference; lastKnownFileType = sourcecode.swift; path = PlanetOTDController.swift; sourceTree = "<group>"; };
		23EFD83B29D02BEC0080E687 /* datas.swift */ = {isa = PBXFileReference; lastKnownFileType = sourcecode.swift; path = datas.swift; sourceTree = "<group>"; };
		23EFD83D29D175BB0080E687 /* MythOfTheDayViewController.swift */ = {isa = PBXFileReference; lastKnownFileType = sourcecode.swift; path = MythOfTheDayViewController.swift; sourceTree = "<group>"; };
		23EFD86629D2D5680080E687 /* SearchViewController.swift */ = {isa = PBXFileReference; lastKnownFileType = sourcecode.swift; path = SearchViewController.swift; sourceTree = "<group>"; };
		23EFD86929D2DB560080E687 /* CategoryCell.swift */ = {isa = PBXFileReference; lastKnownFileType = sourcecode.swift; path = CategoryCell.swift; sourceTree = "<group>"; };
		23EFD86D29D387B50080E687 /* OTDCell.swift */ = {isa = PBXFileReference; lastKnownFileType = sourcecode.swift; path = OTDCell.swift; sourceTree = "<group>"; };
		3037C43229CC818600CEFC73 /* SeeSky.app */ = {isa = PBXFileReference; explicitFileType = wrapper.application; includeInIndex = 0; path = SeeSky.app; sourceTree = BUILT_PRODUCTS_DIR; };
		3037C43529CC818600CEFC73 /* AppDelegate.swift */ = {isa = PBXFileReference; lastKnownFileType = sourcecode.swift; path = AppDelegate.swift; sourceTree = "<group>"; };
		3037C43729CC818600CEFC73 /* ViewController.swift */ = {isa = PBXFileReference; lastKnownFileType = sourcecode.swift; path = ViewController.swift; sourceTree = "<group>"; };
		3037C43929CC818600CEFC73 /* Experience.rcproject */ = {isa = PBXFileReference; lastKnownFileType = file.rcproject; path = Experience.rcproject; sourceTree = "<group>"; };
		3037C43C29CC818600CEFC73 /* Base */ = {isa = PBXFileReference; lastKnownFileType = file.storyboard; name = Base; path = Base.lproj/Main.storyboard; sourceTree = "<group>"; };
		3037C43E29CC818A00CEFC73 /* Assets.xcassets */ = {isa = PBXFileReference; lastKnownFileType = folder.assetcatalog; path = Assets.xcassets; sourceTree = "<group>"; };
		3037C44129CC818A00CEFC73 /* Base */ = {isa = PBXFileReference; lastKnownFileType = file.storyboard; name = Base; path = Base.lproj/LaunchScreen.storyboard; sourceTree = "<group>"; };
/* End PBXFileReference section */

/* Begin PBXFrameworksBuildPhase section */
		3037C42F29CC818600CEFC73 /* Frameworks */ = {
			isa = PBXFrameworksBuildPhase;
			buildActionMask = 2147483647;
			files = (
			);
			runOnlyForDeploymentPostprocessing = 0;
		};
/* End PBXFrameworksBuildPhase section */

/* Begin PBXGroup section */
		23AD841B29D0273F0010D868 /* structures */ = {
			isa = PBXGroup;
			children = (
				232C51DB29F13BF9003143AD /* Celestial.swift */,
			);
			path = structures;
			sourceTree = "<group>";
		};
		23AD841E29D029C80010D868 /* controllers */ = {
			isa = PBXGroup;
			children = (
				23AD841F29D029EA0010D868 /* PlanetOTDController.swift */,
				23EFD83D29D175BB0080E687 /* MythOfTheDayViewController.swift */,
				23EFD86629D2D5680080E687 /* SearchViewController.swift */,
				232C51DF29F1464E003143AD /* FavoritesViewController.swift */,
			);
			path = controllers;
			sourceTree = "<group>";
		};
		23EFD83A29D02BDB0080E687 /* dummyData */ = {
			isa = PBXGroup;
			children = (
				23EFD83B29D02BEC0080E687 /* datas.swift */,
			);
			path = dummyData;
			sourceTree = "<group>";
		};
		23EFD86829D2DAB90080E687 /* cells */ = {
			isa = PBXGroup;
			children = (
				23EFD86929D2DB560080E687 /* CategoryCell.swift */,
				23EFD86D29D387B50080E687 /* OTDCell.swift */,
				232C51E129F14D5A003143AD /* FavTableViewCell.swift */,
			);
			path = cells;
			sourceTree = "<group>";
		};
		3037C42929CC818600CEFC73 = {
			isa = PBXGroup;
			children = (
				3037C43429CC818600CEFC73 /* SeeSky */,
				3037C43329CC818600CEFC73 /* Products */,
			);
			sourceTree = "<group>";
		};
		3037C43329CC818600CEFC73 /* Products */ = {
			isa = PBXGroup;
			children = (
				3037C43229CC818600CEFC73 /* SeeSky.app */,
			);
			name = Products;
			sourceTree = "<group>";
		};
		3037C43429CC818600CEFC73 /* SeeSky */ = {
			isa = PBXGroup;
			children = (
				23EFD86829D2DAB90080E687 /* cells */,
				23EFD83A29D02BDB0080E687 /* dummyData */,
				23AD841E29D029C80010D868 /* controllers */,
				23AD841B29D0273F0010D868 /* structures */,
				3037C43529CC818600CEFC73 /* AppDelegate.swift */,
				3037C43729CC818600CEFC73 /* ViewController.swift */,
				3037C43929CC818600CEFC73 /* Experience.rcproject */,
				3037C43B29CC818600CEFC73 /* Main.storyboard */,
				3037C43E29CC818A00CEFC73 /* Assets.xcassets */,
				3037C44029CC818A00CEFC73 /* LaunchScreen.storyboard */,
			);
			path = SeeSky;
			sourceTree = "<group>";
		};
/* End PBXGroup section */

/* Begin PBXNativeTarget section */
		3037C43129CC818600CEFC73 /* SeeSky */ = {
			isa = PBXNativeTarget;
			buildConfigurationList = 3037C44529CC818A00CEFC73 /* Build configuration list for PBXNativeTarget "SeeSky" */;
			buildPhases = (
				3037C42E29CC818600CEFC73 /* Sources */,
				3037C42F29CC818600CEFC73 /* Frameworks */,
				3037C43029CC818600CEFC73 /* Resources */,
			);
			buildRules = (
			);
			dependencies = (
			);
			name = SeeSky;
			productName = SeeSky;
			productReference = 3037C43229CC818600CEFC73 /* SeeSky.app */;
			productType = "com.apple.product-type.application";
		};
/* End PBXNativeTarget section */

/* Begin PBXProject section */
		3037C42A29CC818600CEFC73 /* Project object */ = {
			isa = PBXProject;
			attributes = {
				BuildIndependentTargetsInParallel = 1;
				LastSwiftUpdateCheck = 1420;
				LastUpgradeCheck = 1420;
				TargetAttributes = {
					3037C43129CC818600CEFC73 = {
						CreatedOnToolsVersion = 14.2;
					};
				};
			};
			buildConfigurationList = 3037C42D29CC818600CEFC73 /* Build configuration list for PBXProject "SeeSky" */;
			compatibilityVersion = "Xcode 14.0";
			developmentRegion = en;
			hasScannedForEncodings = 0;
			knownRegions = (
				en,
				Base,
			);
			mainGroup = 3037C42929CC818600CEFC73;
			productRefGroup = 3037C43329CC818600CEFC73 /* Products */;
			projectDirPath = "";
			projectRoot = "";
			targets = (
				3037C43129CC818600CEFC73 /* SeeSky */,
			);
		};
/* End PBXProject section */

/* Begin PBXResourcesBuildPhase section */
		3037C43029CC818600CEFC73 /* Resources */ = {
			isa = PBXResourcesBuildPhase;
			buildActionMask = 2147483647;
			files = (
				3037C44229CC818A00CEFC73 /* LaunchScreen.storyboard in Resources */,
				3037C43F29CC818A00CEFC73 /* Assets.xcassets in Resources */,
				3037C43D29CC818600CEFC73 /* Main.storyboard in Resources */,
			);
			runOnlyForDeploymentPostprocessing = 0;
		};
/* End PBXResourcesBuildPhase section */

/* Begin PBXSourcesBuildPhase section */
		3037C42E29CC818600CEFC73 /* Sources */ = {
			isa = PBXSourcesBuildPhase;
			buildActionMask = 2147483647;
			files = (
				23EFD83C29D02BEC0080E687 /* datas.swift in Sources */,
				23EFD86A29D2DB560080E687 /* CategoryCell.swift in Sources */,
				232C51DC29F13BF9003143AD /* Celestial.swift in Sources */,
				23EFD86E29D387B50080E687 /* OTDCell.swift in Sources */,
				23EFD86729D2D5680080E687 /* SearchViewController.swift in Sources */,
				232C51E229F14D5A003143AD /* FavTableViewCell.swift in Sources */,
				23EFD83E29D175BB0080E687 /* MythOfTheDayViewController.swift in Sources */,
				232C51E029F1464E003143AD /* FavoritesViewController.swift in Sources */,
				3037C43829CC818600CEFC73 /* ViewController.swift in Sources */,
				3037C43629CC818600CEFC73 /* AppDelegate.swift in Sources */,
				3037C43A29CC818600CEFC73 /* Experience.rcproject in Sources */,
				23AD842029D029EA0010D868 /* PlanetOTDController.swift in Sources */,
			);
			runOnlyForDeploymentPostprocessing = 0;
		};
/* End PBXSourcesBuildPhase section */

/* Begin PBXVariantGroup section */
		3037C43B29CC818600CEFC73 /* Main.storyboard */ = {
			isa = PBXVariantGroup;
			children = (
				3037C43C29CC818600CEFC73 /* Base */,
			);
			name = Main.storyboard;
			sourceTree = "<group>";
		};
		3037C44029CC818A00CEFC73 /* LaunchScreen.storyboard */ = {
			isa = PBXVariantGroup;
			children = (
				3037C44129CC818A00CEFC73 /* Base */,
			);
			name = LaunchScreen.storyboard;
			sourceTree = "<group>";
		};
/* End PBXVariantGroup section */

/* Begin XCBuildConfiguration section */
		3037C44329CC818A00CEFC73 /* Debug */ = {
			isa = XCBuildConfiguration;
			buildSettings = {
				ALWAYS_SEARCH_USER_PATHS = NO;
				CLANG_ANALYZER_NONNULL = YES;
				CLANG_ANALYZER_NUMBER_OBJECT_CONVERSION = YES_AGGRESSIVE;
				CLANG_CXX_LANGUAGE_STANDARD = "gnu++20";
				CLANG_ENABLE_MODULES = YES;
				CLANG_ENABLE_OBJC_ARC = YES;
				CLANG_ENABLE_OBJC_WEAK = YES;
				CLANG_WARN_BLOCK_CAPTURE_AUTORELEASING = YES;
				CLANG_WARN_BOOL_CONVERSION = YES;
				CLANG_WARN_COMMA = YES;
				CLANG_WARN_CONSTANT_CONVERSION = YES;
				CLANG_WARN_DEPRECATED_OBJC_IMPLEMENTATIONS = YES;
				CLANG_WARN_DIRECT_OBJC_ISA_USAGE = YES_ERROR;
				CLANG_WARN_DOCUMENTATION_COMMENTS = YES;
				CLANG_WARN_EMPTY_BODY = YES;
				CLANG_WARN_ENUM_CONVERSION = YES;
				CLANG_WARN_INFINITE_RECURSION = YES;
				CLANG_WARN_INT_CONVERSION = YES;
				CLANG_WARN_NON_LITERAL_NULL_CONVERSION = YES;
				CLANG_WARN_OBJC_IMPLICIT_RETAIN_SELF = YES;
				CLANG_WARN_OBJC_LITERAL_CONVERSION = YES;
				CLANG_WARN_OBJC_ROOT_CLASS = YES_ERROR;
				CLANG_WARN_QUOTED_INCLUDE_IN_FRAMEWORK_HEADER = YES;
				CLANG_WARN_RANGE_LOOP_ANALYSIS = YES;
				CLANG_WARN_STRICT_PROTOTYPES = YES;
				CLANG_WARN_SUSPICIOUS_MOVE = YES;
				CLANG_WARN_UNGUARDED_AVAILABILITY = YES_AGGRESSIVE;
				CLANG_WARN_UNREACHABLE_CODE = YES;
				CLANG_WARN__DUPLICATE_METHOD_MATCH = YES;
				COPY_PHASE_STRIP = NO;
				DEBUG_INFORMATION_FORMAT = dwarf;
				ENABLE_STRICT_OBJC_MSGSEND = YES;
				ENABLE_TESTABILITY = YES;
				GCC_C_LANGUAGE_STANDARD = gnu11;
				GCC_DYNAMIC_NO_PIC = NO;
				GCC_NO_COMMON_BLOCKS = YES;
				GCC_OPTIMIZATION_LEVEL = 0;
				GCC_PREPROCESSOR_DEFINITIONS = (
					"DEBUG=1",
					"$(inherited)",
				);
				GCC_WARN_64_TO_32_BIT_CONVERSION = YES;
				GCC_WARN_ABOUT_RETURN_TYPE = YES_ERROR;
				GCC_WARN_UNDECLARED_SELECTOR = YES;
				GCC_WARN_UNINITIALIZED_AUTOS = YES_AGGRESSIVE;
				GCC_WARN_UNUSED_FUNCTION = YES;
				GCC_WARN_UNUSED_VARIABLE = YES;
				IPHONEOS_DEPLOYMENT_TARGET = 15.0;
				MTL_ENABLE_DEBUG_INFO = INCLUDE_SOURCE;
				MTL_FAST_MATH = YES;
				ONLY_ACTIVE_ARCH = YES;
				SDKROOT = iphoneos;
				SWIFT_ACTIVE_COMPILATION_CONDITIONS = DEBUG;
				SWIFT_OPTIMIZATION_LEVEL = "-Onone";
			};
			name = Debug;
		};
		3037C44429CC818A00CEFC73 /* Release */ = {
			isa = XCBuildConfiguration;
			buildSettings = {
				ALWAYS_SEARCH_USER_PATHS = NO;
				CLANG_ANALYZER_NONNULL = YES;
				CLANG_ANALYZER_NUMBER_OBJECT_CONVERSION = YES_AGGRESSIVE;
				CLANG_CXX_LANGUAGE_STANDARD = "gnu++20";
				CLANG_ENABLE_MODULES = YES;
				CLANG_ENABLE_OBJC_ARC = YES;
				CLANG_ENABLE_OBJC_WEAK = YES;
				CLANG_WARN_BLOCK_CAPTURE_AUTORELEASING = YES;
				CLANG_WARN_BOOL_CONVERSION = YES;
				CLANG_WARN_COMMA = YES;
				CLANG_WARN_CONSTANT_CONVERSION = YES;
				CLANG_WARN_DEPRECATED_OBJC_IMPLEMENTATIONS = YES;
				CLANG_WARN_DIRECT_OBJC_ISA_USAGE = YES_ERROR;
				CLANG_WARN_DOCUMENTATION_COMMENTS = YES;
				CLANG_WARN_EMPTY_BODY = YES;
				CLANG_WARN_ENUM_CONVERSION = YES;
				CLANG_WARN_INFINITE_RECURSION = YES;
				CLANG_WARN_INT_CONVERSION = YES;
				CLANG_WARN_NON_LITERAL_NULL_CONVERSION = YES;
				CLANG_WARN_OBJC_IMPLICIT_RETAIN_SELF = YES;
				CLANG_WARN_OBJC_LITERAL_CONVERSION = YES;
				CLANG_WARN_OBJC_ROOT_CLASS = YES_ERROR;
				CLANG_WARN_QUOTED_INCLUDE_IN_FRAMEWORK_HEADER = YES;
				CLANG_WARN_RANGE_LOOP_ANALYSIS = YES;
				CLANG_WARN_STRICT_PROTOTYPES = YES;
				CLANG_WARN_SUSPICIOUS_MOVE = YES;
				CLANG_WARN_UNGUARDED_AVAILABILITY = YES_AGGRESSIVE;
				CLANG_WARN_UNREACHABLE_CODE = YES;
				CLANG_WARN__DUPLICATE_METHOD_MATCH = YES;
				COPY_PHASE_STRIP = NO;
				DEBUG_INFORMATION_FORMAT = "dwarf-with-dsym";
				ENABLE_NS_ASSERTIONS = NO;
				ENABLE_STRICT_OBJC_MSGSEND = YES;
				GCC_C_LANGUAGE_STANDARD = gnu11;
				GCC_NO_COMMON_BLOCKS = YES;
				GCC_WARN_64_TO_32_BIT_CONVERSION = YES;
				GCC_WARN_ABOUT_RETURN_TYPE = YES_ERROR;
				GCC_WARN_UNDECLARED_SELECTOR = YES;
				GCC_WARN_UNINITIALIZED_AUTOS = YES_AGGRESSIVE;
				GCC_WARN_UNUSED_FUNCTION = YES;
				GCC_WARN_UNUSED_VARIABLE = YES;
				IPHONEOS_DEPLOYMENT_TARGET = 15.0;
				MTL_ENABLE_DEBUG_INFO = NO;
				MTL_FAST_MATH = YES;
				SDKROOT = iphoneos;
				SWIFT_COMPILATION_MODE = wholemodule;
				SWIFT_OPTIMIZATION_LEVEL = "-O";
				VALIDATE_PRODUCT = YES;
			};
			name = Release;
		};
		3037C44629CC818A00CEFC73 /* Debug */ = {
			isa = XCBuildConfiguration;
			buildSettings = {
				ASSETCATALOG_COMPILER_APPICON_NAME = AppIcon;
				ASSETCATALOG_COMPILER_GLOBAL_ACCENT_COLOR_NAME = AccentColor;
				CODE_SIGN_STYLE = Automatic;
				CURRENT_PROJECT_VERSION = 1;
				DEVELOPMENT_TEAM = 4Q64HMZS63;
				GENERATE_INFOPLIST_FILE = YES;
				INFOPLIST_KEY_NSCameraUsageDescription = "";
				INFOPLIST_KEY_UIApplicationSupportsIndirectInputEvents = YES;
				INFOPLIST_KEY_UILaunchStoryboardName = LaunchScreen;
				INFOPLIST_KEY_UIMainStoryboardFile = Main;
				INFOPLIST_KEY_UIRequiredDeviceCapabilities = arkit;
				INFOPLIST_KEY_UIStatusBarHidden = YES;
				INFOPLIST_KEY_UISupportedInterfaceOrientations_iPad = "UIInterfaceOrientationPortrait UIInterfaceOrientationPortraitUpsideDown UIInterfaceOrientationLandscapeLeft UIInterfaceOrientationLandscapeRight";
				INFOPLIST_KEY_UISupportedInterfaceOrientations_iPhone = "UIInterfaceOrientationPortrait UIInterfaceOrientationLandscapeLeft UIInterfaceOrientationLandscapeRight";
				IPHONEOS_DEPLOYMENT_TARGET = 15.0;
				LD_RUNPATH_SEARCH_PATHS = (
					"$(inherited)",
					"@executable_path/Frameworks",
				);
				MARKETING_VERSION = 1.0;
				PRODUCT_BUNDLE_IDENTIFIER = com.progetto.SeeSky;
				PRODUCT_NAME = "$(TARGET_NAME)";
				SUPPORTED_PLATFORMS = "iphoneos iphonesimulator";
				SUPPORTS_MACCATALYST = NO;
				SUPPORTS_MAC_DESIGNED_FOR_IPHONE_IPAD = NO;
				SWIFT_EMIT_LOC_STRINGS = YES;
				SWIFT_VERSION = 5.0;
				TARGETED_DEVICE_FAMILY = 1;
			};
			name = Debug;
		};
		3037C44729CC818A00CEFC73 /* Release */ = {
			isa = XCBuildConfiguration;
			buildSettings = {
				ASSETCATALOG_COMPILER_APPICON_NAME = AppIcon;
				ASSETCATALOG_COMPILER_GLOBAL_ACCENT_COLOR_NAME = AccentColor;
				CODE_SIGN_STYLE = Automatic;
				CURRENT_PROJECT_VERSION = 1;
				DEVELOPMENT_TEAM = 4Q64HMZS63;
				GENERATE_INFOPLIST_FILE = YES;
				INFOPLIST_KEY_NSCameraUsageDescription = "";
				INFOPLIST_KEY_UIApplicationSupportsIndirectInputEvents = YES;
				INFOPLIST_KEY_UILaunchStoryboardName = LaunchScreen;
				INFOPLIST_KEY_UIMainStoryboardFile = Main;
				INFOPLIST_KEY_UIRequiredDeviceCapabilities = arkit;
				INFOPLIST_KEY_UIStatusBarHidden = YES;
				INFOPLIST_KEY_UISupportedInterfaceOrientations_iPad = "UIInterfaceOrientationPortrait UIInterfaceOrientationPortraitUpsideDown UIInterfaceOrientationLandscapeLeft UIInterfaceOrientationLandscapeRight";
				INFOPLIST_KEY_UISupportedInterfaceOrientations_iPhone = "UIInterfaceOrientationPortrait UIInterfaceOrientationLandscapeLeft UIInterfaceOrientationLandscapeRight";
				IPHONEOS_DEPLOYMENT_TARGET = 15.0;
				LD_RUNPATH_SEARCH_PATHS = (
					"$(inherited)",
					"@executable_path/Frameworks",
				);
				MARKETING_VERSION = 1.0;
				PRODUCT_BUNDLE_IDENTIFIER = com.progetto.SeeSky;
				PRODUCT_NAME = "$(TARGET_NAME)";
				SUPPORTED_PLATFORMS = "iphoneos iphonesimulator";
				SUPPORTS_MACCATALYST = NO;
				SUPPORTS_MAC_DESIGNED_FOR_IPHONE_IPAD = NO;
				SWIFT_EMIT_LOC_STRINGS = YES;
				SWIFT_VERSION = 5.0;
				TARGETED_DEVICE_FAMILY = 1;
			};
			name = Release;
		};
/* End XCBuildConfiguration section */

/* Begin XCConfigurationList section */
		3037C42D29CC818600CEFC73 /* Build configuration list for PBXProject "SeeSky" */ = {
			isa = XCConfigurationList;
			buildConfigurations = (
				3037C44329CC818A00CEFC73 /* Debug */,
				3037C44429CC818A00CEFC73 /* Release */,
			);
			defaultConfigurationIsVisible = 0;
			defaultConfigurationName = Release;
		};
		3037C44529CC818A00CEFC73 /* Build configuration list for PBXNativeTarget "SeeSky" */ = {
			isa = XCConfigurationList;
			buildConfigurations = (
				3037C44629CC818A00CEFC73 /* Debug */,
				3037C44729CC818A00CEFC73 /* Release */,
			);
			defaultConfigurationIsVisible = 0;
			defaultConfigurationName = Release;
		};
/* End XCConfigurationList section */
	};
	rootObject = 3037C42A29CC818600CEFC73 /* Project object */;
}
